
Microsoft Visual Studio Solution File, Format Version 12.00
# Visual Studio Version 17
VisualStudioVersion = 17.3.32901.215
MinimumVisualStudioVersion = 10.0.40219.1
Project("{FAE04EC0-301F-11D3-BF4B-00C04F79EFBC}") = "ConversaoDeDados", "ConversaoDeDados\ConversaoDeDados.csproj", "{4AA718C1-492E-4438-991A-BC6FF2F984E0}"
EndProject
Global
	GlobalSection(SolutionConfigurationPlatforms) = preSolution
		Debug|Any CPU = Debug|Any CPU
		Release|Any CPU = Release|Any CPU
	EndGlobalSection
	GlobalSection(ProjectConfigurationPlatforms) = postSolution
		{4AA718C1-492E-4438-991A-BC6FF2F984E0}.Debug|Any CPU.ActiveCfg = Debug|Any CPU
		{4AA718C1-492E-4438-991A-BC6FF2F984E0}.Debug|Any CPU.Build.0 = Debug|Any CPU
		{4AA718C1-492E-4438-991A-BC6FF2F984E0}.Release|Any CPU.ActiveCfg = Release|Any CPU
		{4AA718C1-492E-4438-991A-BC6FF2F984E0}.Release|Any CPU.Build.0 = Release|Any CPU
	EndGlobalSection
	GlobalSection(SolutionProperties) = preSolution
		HideSolutionNode = FALSE
	EndGlobalSection
	GlobalSection(ExtensibilityGlobals) = postSolution
		SolutionGuid = {8C3B5A29-CFF6-48EF-8483-9C3A1AAA5A36}
	EndGlobalSection
EndGlobal
