
Microsoft Visual Studio Solution File, Format Version 12.00
# Visual Studio Version 17
VisualStudioVersion = 17.3.32901.215
MinimumVisualStudioVersion = 10.0.40219.1
Project("{FAE04EC0-301F-11D3-BF4B-00C04F79EFBC}") = "desafio", "desafio\desafio.csproj", "{4A93C4AD-0C21-4C66-9ECA-4AEBFA8E2940}"
EndProject
Global
	GlobalSection(SolutionConfigurationPlatforms) = preSolution
		Debug|Any CPU = Debug|Any CPU
		Release|Any CPU = Release|Any CPU
	EndGlobalSection
	GlobalSection(ProjectConfigurationPlatforms) = postSolution
		{4A93C4AD-0C21-4C66-9ECA-4AEBFA8E2940}.Debug|Any CPU.ActiveCfg = Debug|Any CPU
		{4A93C4AD-0C21-4C66-9ECA-4AEBFA8E2940}.Debug|Any CPU.Build.0 = Debug|Any CPU
		{4A93C4AD-0C21-4C66-9ECA-4AEBFA8E2940}.Release|Any CPU.ActiveCfg = Release|Any CPU
		{4A93C4AD-0C21-4C66-9ECA-4AEBFA8E2940}.Release|Any CPU.Build.0 = Release|Any CPU
	EndGlobalSection
	GlobalSection(SolutionProperties) = preSolution
		HideSolutionNode = FALSE
	EndGlobalSection
	GlobalSection(ExtensibilityGlobals) = postSolution
		SolutionGuid = {4A636CED-8A94-49E0-A015-3D5249B3114B}
	EndGlobalSection
EndGlobal
