
Microsoft Visual Studio Solution File, Format Version 12.00
# Visual Studio Version 17
VisualStudioVersion = 17.2.32616.157
MinimumVisualStudioVersion = 10.0.40219.1
Project("{FAE04EC0-301F-11D3-BF4B-00C04F79EFBC}") = "Ex02_PRL_050822", "Ex02_PRL_050822\Ex02_PRL_050822.csproj", "{F2ACCE9C-32F3-4103-9755-F180A484265A}"
EndProject
Global
	GlobalSection(SolutionConfigurationPlatforms) = preSolution
		Debug|Any CPU = Debug|Any CPU
		Release|Any CPU = Release|Any CPU
	EndGlobalSection
	GlobalSection(ProjectConfigurationPlatforms) = postSolution
		{F2ACCE9C-32F3-4103-9755-F180A484265A}.Debug|Any CPU.ActiveCfg = Debug|Any CPU
		{F2ACCE9C-32F3-4103-9755-F180A484265A}.Debug|Any CPU.Build.0 = Debug|Any CPU
		{F2ACCE9C-32F3-4103-9755-F180A484265A}.Release|Any CPU.ActiveCfg = Release|Any CPU
		{F2ACCE9C-32F3-4103-9755-F180A484265A}.Release|Any CPU.Build.0 = Release|Any CPU
	EndGlobalSection
	GlobalSection(SolutionProperties) = preSolution
		HideSolutionNode = FALSE
	EndGlobalSection
	GlobalSection(ExtensibilityGlobals) = postSolution
		SolutionGuid = {4A5A2086-1EE6-4159-920F-D37D6D045CE1}
	EndGlobalSection
EndGlobal
