
Microsoft Visual Studio Solution File, Format Version 12.00
# Visual Studio Version 16
VisualStudioVersion = 16.0.32802.440
MinimumVisualStudioVersion = 10.0.40219.1
Project("{FAE04EC0-301F-11D3-BF4B-00C04F79EFBC}") = "Ex022_PRL_100722", "Ex022_PRL_100722\Ex022_PRL_100722.csproj", "{BC5CF664-0C7D-40CE-83FD-064ABE386F45}"
EndProject
Global
	GlobalSection(SolutionConfigurationPlatforms) = preSolution
		Debug|Any CPU = Debug|Any CPU
		Release|Any CPU = Release|Any CPU
	EndGlobalSection
	GlobalSection(ProjectConfigurationPlatforms) = postSolution
		{BC5CF664-0C7D-40CE-83FD-064ABE386F45}.Debug|Any CPU.ActiveCfg = Debug|Any CPU
		{BC5CF664-0C7D-40CE-83FD-064ABE386F45}.Debug|Any CPU.Build.0 = Debug|Any CPU
		{BC5CF664-0C7D-40CE-83FD-064ABE386F45}.Release|Any CPU.ActiveCfg = Release|Any CPU
		{BC5CF664-0C7D-40CE-83FD-064ABE386F45}.Release|Any CPU.Build.0 = Release|Any CPU
	EndGlobalSection
	GlobalSection(SolutionProperties) = preSolution
		HideSolutionNode = FALSE
	EndGlobalSection
	GlobalSection(ExtensibilityGlobals) = postSolution
		SolutionGuid = {FAE677A6-68E0-4990-BE3D-B194375BD065}
	EndGlobalSection
EndGlobal
