
Microsoft Visual Studio Solution File, Format Version 12.00
# Visual Studio Version 17
VisualStudioVersion = 17.3.32929.385
MinimumVisualStudioVersion = 10.0.40219.1
Project("{FAE04EC0-301F-11D3-BF4B-00C04F79EFBC}") = "Ex037_PRL_120222", "Ex037_PRL_120222\Ex037_PRL_120222.csproj", "{1DAE3FA3-84B6-4863-A766-943F0B2ABF3E}"
EndProject
Global
	GlobalSection(SolutionConfigurationPlatforms) = preSolution
		Debug|Any CPU = Debug|Any CPU
		Release|Any CPU = Release|Any CPU
	EndGlobalSection
	GlobalSection(ProjectConfigurationPlatforms) = postSolution
		{1DAE3FA3-84B6-4863-A766-943F0B2ABF3E}.Debug|Any CPU.ActiveCfg = Debug|Any CPU
		{1DAE3FA3-84B6-4863-A766-943F0B2ABF3E}.Debug|Any CPU.Build.0 = Debug|Any CPU
		{1DAE3FA3-84B6-4863-A766-943F0B2ABF3E}.Release|Any CPU.ActiveCfg = Release|Any CPU
		{1DAE3FA3-84B6-4863-A766-943F0B2ABF3E}.Release|Any CPU.Build.0 = Release|Any CPU
	EndGlobalSection
	GlobalSection(SolutionProperties) = preSolution
		HideSolutionNode = FALSE
	EndGlobalSection
	GlobalSection(ExtensibilityGlobals) = postSolution
		SolutionGuid = {5BA57DEC-0241-4DCD-8839-3AC3C29B7731}
	EndGlobalSection
EndGlobal
