
Microsoft Visual Studio Solution File, Format Version 12.00
# Visual Studio Version 16
VisualStudioVersion = 16.0.32802.440
MinimumVisualStudioVersion = 10.0.40219.1
Project("{FAE04EC0-301F-11D3-BF4B-00C04F79EFBC}") = "Ex028_PRL_111022", "Ex028_PRL_111022\Ex028_PRL_111022.csproj", "{F4C20526-8201-443D-B80E-C602799716C5}"
EndProject
Global
	GlobalSection(SolutionConfigurationPlatforms) = preSolution
		Debug|Any CPU = Debug|Any CPU
		Release|Any CPU = Release|Any CPU
	EndGlobalSection
	GlobalSection(ProjectConfigurationPlatforms) = postSolution
		{F4C20526-8201-443D-B80E-C602799716C5}.Debug|Any CPU.ActiveCfg = Debug|Any CPU
		{F4C20526-8201-443D-B80E-C602799716C5}.Debug|Any CPU.Build.0 = Debug|Any CPU
		{F4C20526-8201-443D-B80E-C602799716C5}.Release|Any CPU.ActiveCfg = Release|Any CPU
		{F4C20526-8201-443D-B80E-C602799716C5}.Release|Any CPU.Build.0 = Release|Any CPU
	EndGlobalSection
	GlobalSection(SolutionProperties) = preSolution
		HideSolutionNode = FALSE
	EndGlobalSection
	GlobalSection(ExtensibilityGlobals) = postSolution
		SolutionGuid = {1966D3D7-3F46-4CAF-81F7-F40BC9A05DB3}
	EndGlobalSection
EndGlobal
