
Microsoft Visual Studio Solution File, Format Version 12.00
# Visual Studio Version 16
VisualStudioVersion = 16.0.32802.440
MinimumVisualStudioVersion = 10.0.40219.1
Project("{FAE04EC0-301F-11D3-BF4B-00C04F79EFBC}") = "Ex012_PRL_090122", "Ex012_PRL_090122\Ex012_PRL_090122.csproj", "{63E02807-A876-4611-84A8-C15129A1319F}"
EndProject
Global
	GlobalSection(SolutionConfigurationPlatforms) = preSolution
		Debug|Any CPU = Debug|Any CPU
		Release|Any CPU = Release|Any CPU
	EndGlobalSection
	GlobalSection(ProjectConfigurationPlatforms) = postSolution
		{63E02807-A876-4611-84A8-C15129A1319F}.Debug|Any CPU.ActiveCfg = Debug|Any CPU
		{63E02807-A876-4611-84A8-C15129A1319F}.Debug|Any CPU.Build.0 = Debug|Any CPU
		{63E02807-A876-4611-84A8-C15129A1319F}.Release|Any CPU.ActiveCfg = Release|Any CPU
		{63E02807-A876-4611-84A8-C15129A1319F}.Release|Any CPU.Build.0 = Release|Any CPU
	EndGlobalSection
	GlobalSection(SolutionProperties) = preSolution
		HideSolutionNode = FALSE
	EndGlobalSection
	GlobalSection(ExtensibilityGlobals) = postSolution
		SolutionGuid = {97600354-0DB0-45C9-BDED-18AFE2E9C7C5}
	EndGlobalSection
EndGlobal
