
Microsoft Visual Studio Solution File, Format Version 12.00
# Visual Studio Version 17
VisualStudioVersion = 17.3.32901.215
MinimumVisualStudioVersion = 10.0.40219.1
Project("{FAE04EC0-301F-11D3-BF4B-00C04F79EFBC}") = "OperacoesEmMatrizes", "OperacoesEmMatrizes\OperacoesEmMatrizes.csproj", "{25C80EEE-44E3-4D74-8AB5-DAC0F6EFE4C4}"
EndProject
Global
	GlobalSection(SolutionConfigurationPlatforms) = preSolution
		Debug|Any CPU = Debug|Any CPU
		Release|Any CPU = Release|Any CPU
	EndGlobalSection
	GlobalSection(ProjectConfigurationPlatforms) = postSolution
		{25C80EEE-44E3-4D74-8AB5-DAC0F6EFE4C4}.Debug|Any CPU.ActiveCfg = Debug|Any CPU
		{25C80EEE-44E3-4D74-8AB5-DAC0F6EFE4C4}.Debug|Any CPU.Build.0 = Debug|Any CPU
		{25C80EEE-44E3-4D74-8AB5-DAC0F6EFE4C4}.Release|Any CPU.ActiveCfg = Release|Any CPU
		{25C80EEE-44E3-4D74-8AB5-DAC0F6EFE4C4}.Release|Any CPU.Build.0 = Release|Any CPU
	EndGlobalSection
	GlobalSection(SolutionProperties) = preSolution
		HideSolutionNode = FALSE
	EndGlobalSection
	GlobalSection(ExtensibilityGlobals) = postSolution
		SolutionGuid = {204F1928-E2EA-4391-9159-33E6F298C816}
	EndGlobalSection
EndGlobal
