
Microsoft Visual Studio Solution File, Format Version 12.00
# Visual Studio Version 16
VisualStudioVersion = 16.0.32802.440
MinimumVisualStudioVersion = 10.0.40219.1
Project("{FAE04EC0-301F-11D3-BF4B-00C04F79EFBC}") = "Ex013_PRL_090222", "Ex013_PRL_090222\Ex013_PRL_090222.csproj", "{9789C9E9-0D68-447C-AC47-45C5EE9D0356}"
EndProject
Global
	GlobalSection(SolutionConfigurationPlatforms) = preSolution
		Debug|Any CPU = Debug|Any CPU
		Release|Any CPU = Release|Any CPU
	EndGlobalSection
	GlobalSection(ProjectConfigurationPlatforms) = postSolution
		{9789C9E9-0D68-447C-AC47-45C5EE9D0356}.Debug|Any CPU.ActiveCfg = Debug|Any CPU
		{9789C9E9-0D68-447C-AC47-45C5EE9D0356}.Debug|Any CPU.Build.0 = Debug|Any CPU
		{9789C9E9-0D68-447C-AC47-45C5EE9D0356}.Release|Any CPU.ActiveCfg = Release|Any CPU
		{9789C9E9-0D68-447C-AC47-45C5EE9D0356}.Release|Any CPU.Build.0 = Release|Any CPU
	EndGlobalSection
	GlobalSection(SolutionProperties) = preSolution
		HideSolutionNode = FALSE
	EndGlobalSection
	GlobalSection(ExtensibilityGlobals) = postSolution
		SolutionGuid = {D420560E-AD0D-4B8F-A18D-F5DB2C1D1996}
	EndGlobalSection
EndGlobal
