
Microsoft Visual Studio Solution File, Format Version 12.00
# Visual Studio Version 17
VisualStudioVersion = 17.2.32616.157
MinimumVisualStudioVersion = 10.0.40219.1
Project("{FAE04EC0-301F-11D3-BF4B-00C04F79EFBC}") = "091222_OperadoresBasicos", "091222_OperadoresBasicos\091222_OperadoresBasicos.csproj", "{15324FAE-3D56-401B-A68B-2704F3026A1A}"
EndProject
Global
	GlobalSection(SolutionConfigurationPlatforms) = preSolution
		Debug|Any CPU = Debug|Any CPU
		Release|Any CPU = Release|Any CPU
	EndGlobalSection
	GlobalSection(ProjectConfigurationPlatforms) = postSolution
		{15324FAE-3D56-401B-A68B-2704F3026A1A}.Debug|Any CPU.ActiveCfg = Debug|Any CPU
		{15324FAE-3D56-401B-A68B-2704F3026A1A}.Debug|Any CPU.Build.0 = Debug|Any CPU
		{15324FAE-3D56-401B-A68B-2704F3026A1A}.Release|Any CPU.ActiveCfg = Release|Any CPU
		{15324FAE-3D56-401B-A68B-2704F3026A1A}.Release|Any CPU.Build.0 = Release|Any CPU
	EndGlobalSection
	GlobalSection(SolutionProperties) = preSolution
		HideSolutionNode = FALSE
	EndGlobalSection
	GlobalSection(ExtensibilityGlobals) = postSolution
		SolutionGuid = {18BC5740-1710-4D68-A750-29C3956D47F2}
	EndGlobalSection
EndGlobal
