
Microsoft Visual Studio Solution File, Format Version 12.00
# Visual Studio Version 17
VisualStudioVersion = 17.3.32901.215
MinimumVisualStudioVersion = 10.0.40219.1
Project("{FAE04EC0-301F-11D3-BF4B-00C04F79EFBC}") = "092422_EscopoDaVariavel", "092422_EscopoDaVariavel\092422_EscopoDaVariavel.csproj", "{46EE609F-8C43-4BDF-B9AB-C7C9450E8D25}"
EndProject
Global
	GlobalSection(SolutionConfigurationPlatforms) = preSolution
		Debug|Any CPU = Debug|Any CPU
		Release|Any CPU = Release|Any CPU
	EndGlobalSection
	GlobalSection(ProjectConfigurationPlatforms) = postSolution
		{46EE609F-8C43-4BDF-B9AB-C7C9450E8D25}.Debug|Any CPU.ActiveCfg = Debug|Any CPU
		{46EE609F-8C43-4BDF-B9AB-C7C9450E8D25}.Debug|Any CPU.Build.0 = Debug|Any CPU
		{46EE609F-8C43-4BDF-B9AB-C7C9450E8D25}.Release|Any CPU.ActiveCfg = Release|Any CPU
		{46EE609F-8C43-4BDF-B9AB-C7C9450E8D25}.Release|Any CPU.Build.0 = Release|Any CPU
	EndGlobalSection
	GlobalSection(SolutionProperties) = preSolution
		HideSolutionNode = FALSE
	EndGlobalSection
	GlobalSection(ExtensibilityGlobals) = postSolution
		SolutionGuid = {DA7F4861-6D67-4AB6-A916-DA30F8F7419B}
	EndGlobalSection
EndGlobal
