
Microsoft Visual Studio Solution File, Format Version 12.00
# Visual Studio Version 17
VisualStudioVersion = 17.3.32901.215
MinimumVisualStudioVersion = 10.0.40219.1
Project("{FAE04EC0-301F-11D3-BF4B-00C04F79EFBC}") = "091722_LógicaDeDecisaoCom_If_Else", "091722_LógicaDeDecisaoCom_If_Else\091722_LógicaDeDecisaoCom_If_Else.csproj", "{280DC0A1-EEC6-41DE-9D9B-37694A111864}"
EndProject
Global
	GlobalSection(SolutionConfigurationPlatforms) = preSolution
		Debug|Any CPU = Debug|Any CPU
		Release|Any CPU = Release|Any CPU
	EndGlobalSection
	GlobalSection(ProjectConfigurationPlatforms) = postSolution
		{280DC0A1-EEC6-41DE-9D9B-37694A111864}.Debug|Any CPU.ActiveCfg = Debug|Any CPU
		{280DC0A1-EEC6-41DE-9D9B-37694A111864}.Debug|Any CPU.Build.0 = Debug|Any CPU
		{280DC0A1-EEC6-41DE-9D9B-37694A111864}.Release|Any CPU.ActiveCfg = Release|Any CPU
		{280DC0A1-EEC6-41DE-9D9B-37694A111864}.Release|Any CPU.Build.0 = Release|Any CPU
	EndGlobalSection
	GlobalSection(SolutionProperties) = preSolution
		HideSolutionNode = FALSE
	EndGlobalSection
	GlobalSection(ExtensibilityGlobals) = postSolution
		SolutionGuid = {F8910A41-0ED9-4569-BFBD-F5D13CDA8245}
	EndGlobalSection
EndGlobal
