
Microsoft Visual Studio Solution File, Format Version 12.00
# Visual Studio Version 17
VisualStudioVersion = 17.2.32616.157
MinimumVisualStudioVersion = 10.0.40219.1
Project("{FAE04EC0-301F-11D3-BF4B-00C04F79EFBC}") = "bibliotecas_Math-e-Random", "bibliotecas_Math-e-Random\bibliotecas_Math-e-Random.csproj", "{8E391F26-EC42-4ED9-BBBF-65BED95BD2A8}"
EndProject
Global
	GlobalSection(SolutionConfigurationPlatforms) = preSolution
		Debug|Any CPU = Debug|Any CPU
		Release|Any CPU = Release|Any CPU
	EndGlobalSection
	GlobalSection(ProjectConfigurationPlatforms) = postSolution
		{8E391F26-EC42-4ED9-BBBF-65BED95BD2A8}.Debug|Any CPU.ActiveCfg = Debug|Any CPU
		{8E391F26-EC42-4ED9-BBBF-65BED95BD2A8}.Debug|Any CPU.Build.0 = Debug|Any CPU
		{8E391F26-EC42-4ED9-BBBF-65BED95BD2A8}.Release|Any CPU.ActiveCfg = Release|Any CPU
		{8E391F26-EC42-4ED9-BBBF-65BED95BD2A8}.Release|Any CPU.Build.0 = Release|Any CPU
	EndGlobalSection
	GlobalSection(SolutionProperties) = preSolution
		HideSolutionNode = FALSE
	EndGlobalSection
	GlobalSection(ExtensibilityGlobals) = postSolution
		SolutionGuid = {1FBF74A3-E930-4A08-8766-DE5A0D58439D}
	EndGlobalSection
EndGlobal
