
Microsoft Visual Studio Solution File, Format Version 12.00
# Visual Studio Version 17
VisualStudioVersion = 17.3.32929.385
MinimumVisualStudioVersion = 10.0.40219.1
Project("{FAE04EC0-301F-11D3-BF4B-00C04F79EFBC}") = "120622_Funcoes_Aula06", "120622_Funcoes_Aula06\120622_Funcoes_Aula06.csproj", "{70CAFD4F-F027-42D9-B9F0-7AD18056AF54}"
EndProject
Global
	GlobalSection(SolutionConfigurationPlatforms) = preSolution
		Debug|Any CPU = Debug|Any CPU
		Release|Any CPU = Release|Any CPU
	EndGlobalSection
	GlobalSection(ProjectConfigurationPlatforms) = postSolution
		{70CAFD4F-F027-42D9-B9F0-7AD18056AF54}.Debug|Any CPU.ActiveCfg = Debug|Any CPU
		{70CAFD4F-F027-42D9-B9F0-7AD18056AF54}.Debug|Any CPU.Build.0 = Debug|Any CPU
		{70CAFD4F-F027-42D9-B9F0-7AD18056AF54}.Release|Any CPU.ActiveCfg = Release|Any CPU
		{70CAFD4F-F027-42D9-B9F0-7AD18056AF54}.Release|Any CPU.Build.0 = Release|Any CPU
	EndGlobalSection
	GlobalSection(SolutionProperties) = preSolution
		HideSolutionNode = FALSE
	EndGlobalSection
	GlobalSection(ExtensibilityGlobals) = postSolution
		SolutionGuid = {3D4DB5E6-42F8-48E9-A166-BCCBC2C409A7}
	EndGlobalSection
EndGlobal
