
Microsoft Visual Studio Solution File, Format Version 12.00
# Visual Studio Version 17
VisualStudioVersion = 17.3.32901.215
MinimumVisualStudioVersion = 10.0.40219.1
Project("{FAE04EC0-301F-11D3-BF4B-00C04F79EFBC}") = "Desafio_While_Do-While", "Desafio_While_Do-While\Desafio_While_Do-While.csproj", "{D98B4B99-7D9E-4C14-A463-7E999B25F5DE}"
EndProject
Global
	GlobalSection(SolutionConfigurationPlatforms) = preSolution
		Debug|Any CPU = Debug|Any CPU
		Release|Any CPU = Release|Any CPU
	EndGlobalSection
	GlobalSection(ProjectConfigurationPlatforms) = postSolution
		{D98B4B99-7D9E-4C14-A463-7E999B25F5DE}.Debug|Any CPU.ActiveCfg = Debug|Any CPU
		{D98B4B99-7D9E-4C14-A463-7E999B25F5DE}.Debug|Any CPU.Build.0 = Debug|Any CPU
		{D98B4B99-7D9E-4C14-A463-7E999B25F5DE}.Release|Any CPU.ActiveCfg = Release|Any CPU
		{D98B4B99-7D9E-4C14-A463-7E999B25F5DE}.Release|Any CPU.Build.0 = Release|Any CPU
	EndGlobalSection
	GlobalSection(SolutionProperties) = preSolution
		HideSolutionNode = FALSE
	EndGlobalSection
	GlobalSection(ExtensibilityGlobals) = postSolution
		SolutionGuid = {AA7C3D92-3967-4D82-BDD0-A945A8E314DC}
	EndGlobalSection
EndGlobal
