
Microsoft Visual Studio Solution File, Format Version 12.00
# Visual Studio Version 16
VisualStudioVersion = 16.0.32802.440
MinimumVisualStudioVersion = 10.0.40219.1
Project("{FAE04EC0-301F-11D3-BF4B-00C04F79EFBC}") = "EX16_PRL_090922", "EX16_PRL_090922\EX16_PRL_090922.csproj", "{59093B13-3E3A-443D-88F9-F49965BCA89C}"
EndProject
Global
	GlobalSection(SolutionConfigurationPlatforms) = preSolution
		Debug|Any CPU = Debug|Any CPU
		Release|Any CPU = Release|Any CPU
	EndGlobalSection
	GlobalSection(ProjectConfigurationPlatforms) = postSolution
		{59093B13-3E3A-443D-88F9-F49965BCA89C}.Debug|Any CPU.ActiveCfg = Debug|Any CPU
		{59093B13-3E3A-443D-88F9-F49965BCA89C}.Debug|Any CPU.Build.0 = Debug|Any CPU
		{59093B13-3E3A-443D-88F9-F49965BCA89C}.Release|Any CPU.ActiveCfg = Release|Any CPU
		{59093B13-3E3A-443D-88F9-F49965BCA89C}.Release|Any CPU.Build.0 = Release|Any CPU
	EndGlobalSection
	GlobalSection(SolutionProperties) = preSolution
		HideSolutionNode = FALSE
	EndGlobalSection
	GlobalSection(ExtensibilityGlobals) = postSolution
		SolutionGuid = {3AE1DDF3-8992-41D8-A445-0BADB39D91A2}
	EndGlobalSection
EndGlobal
