
Microsoft Visual Studio Solution File, Format Version 12.00
# Visual Studio Version 17
VisualStudioVersion = 17.3.32901.215
MinimumVisualStudioVersion = 10.0.40219.1
Project("{FAE04EC0-301F-11D3-BF4B-00C04F79EFBC}") = "092422_CodigoLegivel", "092422_CodigoLegivel\092422_CodigoLegivel.csproj", "{09DFF18A-B11E-4B62-B867-860487961F9A}"
EndProject
Global
	GlobalSection(SolutionConfigurationPlatforms) = preSolution
		Debug|Any CPU = Debug|Any CPU
		Release|Any CPU = Release|Any CPU
	EndGlobalSection
	GlobalSection(ProjectConfigurationPlatforms) = postSolution
		{09DFF18A-B11E-4B62-B867-860487961F9A}.Debug|Any CPU.ActiveCfg = Debug|Any CPU
		{09DFF18A-B11E-4B62-B867-860487961F9A}.Debug|Any CPU.Build.0 = Debug|Any CPU
		{09DFF18A-B11E-4B62-B867-860487961F9A}.Release|Any CPU.ActiveCfg = Release|Any CPU
		{09DFF18A-B11E-4B62-B867-860487961F9A}.Release|Any CPU.Build.0 = Release|Any CPU
	EndGlobalSection
	GlobalSection(SolutionProperties) = preSolution
		HideSolutionNode = FALSE
	EndGlobalSection
	GlobalSection(ExtensibilityGlobals) = postSolution
		SolutionGuid = {F915F38E-AEF4-4606-8A78-6D38CC4BBD15}
	EndGlobalSection
EndGlobal
