
Microsoft Visual Studio Solution File, Format Version 12.00
# Visual Studio Version 16
VisualStudioVersion = 16.0.32802.440
MinimumVisualStudioVersion = 10.0.40219.1
Project("{FAE04EC0-301F-11D3-BF4B-00C04F79EFBC}") = "Ex015d_PRL_090822", "Ex015d_PRL_090822\Ex015d_PRL_090822.csproj", "{1C71C15D-51B1-4971-A622-9DBB6DD8B93F}"
EndProject
Global
	GlobalSection(SolutionConfigurationPlatforms) = preSolution
		Debug|Any CPU = Debug|Any CPU
		Release|Any CPU = Release|Any CPU
	EndGlobalSection
	GlobalSection(ProjectConfigurationPlatforms) = postSolution
		{1C71C15D-51B1-4971-A622-9DBB6DD8B93F}.Debug|Any CPU.ActiveCfg = Debug|Any CPU
		{1C71C15D-51B1-4971-A622-9DBB6DD8B93F}.Debug|Any CPU.Build.0 = Debug|Any CPU
		{1C71C15D-51B1-4971-A622-9DBB6DD8B93F}.Release|Any CPU.ActiveCfg = Release|Any CPU
		{1C71C15D-51B1-4971-A622-9DBB6DD8B93F}.Release|Any CPU.Build.0 = Release|Any CPU
	EndGlobalSection
	GlobalSection(SolutionProperties) = preSolution
		HideSolutionNode = FALSE
	EndGlobalSection
	GlobalSection(ExtensibilityGlobals) = postSolution
		SolutionGuid = {F4557FC5-84C6-417F-9D08-4D9CCB8168D7}
	EndGlobalSection
EndGlobal
